
Microsoft Visual Studio Solution File, Format Version 12.00
# Visual Studio Version 17
VisualStudioVersion = 17.5.33627.172
MinimumVisualStudioVersion = 10.0.40219.1
Project("{FAE04EC0-301F-11D3-BF4B-00C04F79EFBC}") = "BradyTechnicalTask", "BradyTechnicalTask\BradyTechnicalTask.csproj", "{91490A75-60FE-40BA-81D2-1957558C4DA3}"
EndProject
Global
	GlobalSection(SolutionConfigurationPlatforms) = preSolution
		Debug|Any CPU = Debug|Any CPU
		Release|Any CPU = Release|Any CPU
	EndGlobalSection
	GlobalSection(ProjectConfigurationPlatforms) = postSolution
		{91490A75-60FE-40BA-81D2-1957558C4DA3}.Debug|Any CPU.ActiveCfg = Debug|Any CPU
		{91490A75-60FE-40BA-81D2-1957558C4DA3}.Debug|Any CPU.Build.0 = Debug|Any CPU
		{91490A75-60FE-40BA-81D2-1957558C4DA3}.Release|Any CPU.ActiveCfg = Release|Any CPU
		{91490A75-60FE-40BA-81D2-1957558C4DA3}.Release|Any CPU.Build.0 = Release|Any CPU
	EndGlobalSection
	GlobalSection(SolutionProperties) = preSolution
		HideSolutionNode = FALSE
	EndGlobalSection
	GlobalSection(ExtensibilityGlobals) = postSolution
		SolutionGuid = {BE6CBC1E-DAB8-424A-9110-91056C08874A}
	EndGlobalSection
EndGlobal
